<?xml version="1.0" encoding="utf-8"?>
<Project ToolsVersion="4.0" xmlns="http://schemas.microsoft.com/developer/msbuild/2003">
  <ItemGroup>
    <Filter Include="Utils">
      <UniqueIdentifier>{ca8ed815-5e5a-4285-ba30-d8e935559eff}</UniqueIdentifier>
    </Filter>
    <Filter Include="Engine">
      <UniqueIdentifier>{cd1c0281-d3b4-41fe-9e96-45f37c026edf}</UniqueIdentifier>
    </Filter>
    <Filter Include="Object">
      <UniqueIdentifier>{49aa973c-de18-4721-8d8c-3edd22fc233e}</UniqueIdentifier>
    </Filter>
    <Filter Include="Object\Resource">
      <UniqueIdentifier>{3cfd4d35-8984-41b9-98de-8a548c7f16db}</UniqueIdentifier>
    </Filter>
    <Filter Include="Object\Component">
      <UniqueIdentifier>{30a93014-9a98-439f-89bc-98fbb73007b0}</UniqueIdentifier>
    </Filter>
    <Filter Include="Object\Component\Base">
      <UniqueIdentifier>{357c60b8-dfc0-4b2b-aa99-db2ffd4b3a63}</UniqueIdentifier>
    </Filter>
    <Filter Include="Object\Component\FixedComponent">
      <UniqueIdentifier>{92d1be0b-5a43-44e2-a6b5-ce1a99c5b5a6}</UniqueIdentifier>
    </Filter>
    <Filter Include="Object\Component\MonoBehaviour">
      <UniqueIdentifier>{7313d942-e08c-4530-936c-0753e113d242}</UniqueIdentifier>
    </Filter>
    <Filter Include="Manager">
      <UniqueIdentifier>{91e20d8b-b056-4695-9c42-015a0edc11ee}</UniqueIdentifier>
    </Filter>
    <Filter Include="Manager\Simulation">
      <UniqueIdentifier>{94b46cc1-1087-4163-8099-f268032a0e4d}</UniqueIdentifier>
    </Filter>
    <Filter Include="Shaders">
      <UniqueIdentifier>{5ddf050b-6d6c-45ac-9853-9f5ec35f2d8b}</UniqueIdentifier>
    </Filter>
    <Filter Include="Shaders\SPHFluid">
      <UniqueIdentifier>{a2d27284-6ee7-417a-add7-ec6d66f71730}</UniqueIdentifier>
    </Filter>
    <Filter Include="Shaders\SPHFluid\SPH2DFluid">
      <UniqueIdentifier>{b27d0315-fd04-41e6-aec5-495c1aee1658}</UniqueIdentifier>
    </Filter>
    <Filter Include="Shaders\SPHFluid\SPH3DFluid">
      <UniqueIdentifier>{19ed401b-7419-4f1c-b3b4-8d7534897d8f}</UniqueIdentifier>
    </Filter>
    <Filter Include="Shaders\StableFluid">
      <UniqueIdentifier>{a6f603ca-9825-4730-8571-a2ea9c0a4f09}</UniqueIdentifier>
    </Filter>
  </ItemGroup>
  <ItemGroup>
    <ClCompile Include="pch.cpp">
      <Filter>Utils</Filter>
    </ClCompile>
    <ClCompile Include="EnginePch.cpp">
      <Filter>Utils</Filter>
    </ClCompile>
    <ClCompile Include="Engine.cpp">
      <Filter>Engine</Filter>
    </ClCompile>
    <ClCompile Include="Device.cpp">
      <Filter>Engine</Filter>
    </ClCompile>
    <ClCompile Include="SwapChain.cpp">
      <Filter>Engine</Filter>
    </ClCompile>
    <ClCompile Include="CommandQueue.cpp">
      <Filter>Engine</Filter>
    </ClCompile>
    <ClCompile Include="RootSignature.cpp">
      <Filter>Engine</Filter>
    </ClCompile>
    <ClCompile Include="TableDescriptorHeap.cpp">
      <Filter>Engine</Filter>
    </ClCompile>
    <ClCompile Include="ConstantBuffer.cpp">
      <Filter>Engine</Filter>
    </ClCompile>
    <ClCompile Include="RenderTargetGroup.cpp">
      <Filter>Engine</Filter>
    </ClCompile>
    <ClCompile Include="Texture.cpp">
      <Filter>Object\Resource</Filter>
    </ClCompile>
    <ClCompile Include="Object.cpp">
      <Filter>Object</Filter>
    </ClCompile>
    <ClCompile Include="SimulationObject.cpp">
      <Filter>Object</Filter>
    </ClCompile>
    <ClCompile Include="Component.cpp">
      <Filter>Object\Component\Base</Filter>
    </ClCompile>
    <ClCompile Include="MonoBehaviour.cpp">
      <Filter>Object\Component\Base</Filter>
    </ClCompile>
    <ClCompile Include="Material.cpp">
      <Filter>Object\Resource</Filter>
    </ClCompile>
    <ClCompile Include="Shader.cpp">
      <Filter>Object\Resource</Filter>
    </ClCompile>
    <ClCompile Include="Mesh.cpp">
      <Filter>Object\Resource</Filter>
    </ClCompile>
    <ClCompile Include="Camera.cpp">
      <Filter>Object\Component\FixedComponent</Filter>
    </ClCompile>
    <ClCompile Include="MeshRenderer.cpp">
      <Filter>Object\Component\FixedComponent</Filter>
    </ClCompile>
    <ClCompile Include="Transform.cpp">
      <Filter>Object\Component\FixedComponent</Filter>
    </ClCompile>
    <ClCompile Include="CameraController.cpp">
      <Filter>Object\Component\MonoBehaviour</Filter>
    </ClCompile>
    <ClCompile Include="Input.cpp">
      <Filter>Manager</Filter>
    </ClCompile>
    <ClCompile Include="Timer.cpp">
      <Filter>Manager</Filter>
    </ClCompile>
    <ClCompile Include="SimulationManager.cpp">
      <Filter>Manager\Simulation</Filter>
    </ClCompile>
    <ClCompile Include="Simulation.cpp">
      <Filter>Manager\Simulation</Filter>
    </ClCompile>
    <ClCompile Include="SPH2DFluid.cpp">
      <Filter>Manager\Simulation</Filter>
    </ClCompile>
    <ClCompile Include="Resources.cpp">
      <Filter>Manager</Filter>
    </ClCompile>
    <ClCompile Include="Imgui.cpp">
      <Filter>Engine</Filter>
    </ClCompile>
    <ClCompile Include="StructuredBuffer.cpp">
      <Filter>Engine</Filter>
    </ClCompile>
    <ClCompile Include="SPH3DFluid.cpp">
      <Filter>Manager\Simulation</Filter>
    </ClCompile>
    <ClCompile Include="StableFluids.cpp">
      <Filter>Manager\Simulation</Filter>
    </ClCompile>
  </ItemGroup>
  <ItemGroup>
    <ClInclude Include="pch.h">
      <Filter>Utils</Filter>
    </ClInclude>
    <ClInclude Include="EnginePch.h">
      <Filter>Utils</Filter>
    </ClInclude>
    <ClInclude Include="Engine.h">
      <Filter>Engine</Filter>
    </ClInclude>
    <ClInclude Include="d3dx12.h">
      <Filter>Utils</Filter>
    </ClInclude>
    <ClInclude Include="Device.h">
      <Filter>Engine</Filter>
    </ClInclude>
    <ClInclude Include="SwapChain.h">
      <Filter>Engine</Filter>
    </ClInclude>
    <ClInclude Include="CommandQueue.h">
      <Filter>Engine</Filter>
    </ClInclude>
    <ClInclude Include="RootSignature.h">
      <Filter>Engine</Filter>
    </ClInclude>
    <ClInclude Include="TableDescriptorHeap.h">
      <Filter>Engine</Filter>
    </ClInclude>
    <ClInclude Include="ConstantBuffer.h">
      <Filter>Engine</Filter>
    </ClInclude>
    <ClInclude Include="RenderTargetGroup.h">
      <Filter>Engine</Filter>
    </ClInclude>
    <ClInclude Include="Texture.h">
      <Filter>Object\Resource</Filter>
    </ClInclude>
    <ClInclude Include="Object.h">
      <Filter>Object</Filter>
    </ClInclude>
    <ClInclude Include="SimulationObject.h">
      <Filter>Object</Filter>
    </ClInclude>
    <ClInclude Include="Component.h">
      <Filter>Object\Component\Base</Filter>
    </ClInclude>
    <ClInclude Include="MonoBehaviour.h">
      <Filter>Object\Component\Base</Filter>
    </ClInclude>
    <ClInclude Include="CBufferStructs.h">
      <Filter>Engine</Filter>
    </ClInclude>
    <ClInclude Include="Material.h">
      <Filter>Object\Resource</Filter>
    </ClInclude>
    <ClInclude Include="Shader.h">
      <Filter>Object\Resource</Filter>
    </ClInclude>
    <ClInclude Include="Mesh.h">
      <Filter>Object\Resource</Filter>
    </ClInclude>
    <ClInclude Include="Camera.h">
      <Filter>Object\Component\FixedComponent</Filter>
    </ClInclude>
    <ClInclude Include="MeshRenderer.h">
      <Filter>Object\Component\FixedComponent</Filter>
    </ClInclude>
    <ClInclude Include="Transform.h">
      <Filter>Object\Component\FixedComponent</Filter>
    </ClInclude>
    <ClInclude Include="CameraController.h">
      <Filter>Object\Component\MonoBehaviour</Filter>
    </ClInclude>
    <ClInclude Include="Input.h">
      <Filter>Manager</Filter>
    </ClInclude>
    <ClInclude Include="Timer.h">
      <Filter>Manager</Filter>
    </ClInclude>
    <ClInclude Include="SimulationManager.h">
      <Filter>Manager\Simulation</Filter>
    </ClInclude>
    <ClInclude Include="Simulation.h">
      <Filter>Manager\Simulation</Filter>
    </ClInclude>
    <ClInclude Include="SPH2DFluid.h">
      <Filter>Manager\Simulation</Filter>
    </ClInclude>
    <ClInclude Include="Resources.h">
      <Filter>Manager</Filter>
    </ClInclude>
    <ClInclude Include="Imgui.h">
      <Filter>Engine</Filter>
    </ClInclude>
    <ClInclude Include="StructuredBuffer.h">
      <Filter>Engine</Filter>
    </ClInclude>
    <ClInclude Include="SPH3DFluid.h">
      <Filter>Manager\Simulation</Filter>
    </ClInclude>
    <ClInclude Include="StableFluids.h">
      <Filter>Manager\Simulation</Filter>
    </ClInclude>
  </ItemGroup>
  <ItemGroup>
    <None Include=".clang-format" />
    <None Include="..\Resources\Shaders\Common.hlsli">
      <Filter>Shaders</Filter>
    </None>
    <None Include="..\Resources\Shaders\Constants.hlsli">
      <Filter>Shaders</Filter>
    </None>
    <None Include="..\Resources\Shaders\SPHFluidCommon.hlsli">
      <Filter>Shaders\SPHFluid</Filter>
    </None>
  </ItemGroup>
  <ItemGroup>
    <FxCompile Include="..\Resources\Shaders\SPHHashCS.hlsl">
      <Filter>Shaders\SPHFluid</Filter>
    </FxCompile>
    <FxCompile Include="..\Resources\Shaders\SPH2DFluidActivateCS.hlsl">
      <Filter>Shaders\SPHFluid\SPH2DFluid</Filter>
    </FxCompile>
    <FxCompile Include="..\Resources\Shaders\ParticleVS.hlsl">
      <Filter>Shaders\SPHFluid</Filter>
    </FxCompile>
    <FxCompile Include="..\Resources\Shaders\ParticlePS.hlsl">
      <Filter>Shaders\SPHFluid</Filter>
    </FxCompile>
    <FxCompile Include="..\Resources\Shaders\BillboardGS.hlsl">
      <Filter>Shaders\SPHFluid</Filter>
    </FxCompile>
    <FxCompile Include="..\Resources\Shaders\BasicPS.hlsl">
      <Filter>Shaders\SPHFluid</Filter>
    </FxCompile>
    <FxCompile Include="..\Resources\Shaders\BasicVS.hlsl">
      <Filter>Shaders\SPHFluid</Filter>
    </FxCompile>
    <FxCompile Include="..\Resources\Shaders\SPHBitonicSortCS.hlsl">
      <Filter>Shaders\SPHFluid</Filter>
    </FxCompile>
    <FxCompile Include="..\Resources\Shaders\SPHCellRangeCS.hlsl">
      <Filter>Shaders\SPHFluid</Filter>
    </FxCompile>
    <FxCompile Include="..\Resources\Shaders\SPHFinalCS.hlsl">
      <Filter>Shaders\SPHFluid</Filter>
    </FxCompile>
    <FxCompile Include="..\Resources\Shaders\SPH3DActivateParticles1CS.hlsl">
      <Filter>Shaders\SPHFluid\SPH3DFluid</Filter>
    </FxCompile>
    <FxCompile Include="..\Resources\Shaders\SPH3DActivateParticles2CS.hlsl">
      <Filter>Shaders\SPHFluid\SPH3DFluid</Filter>
    </FxCompile>
    <FxCompile Include="..\Resources\Shaders\SPH3DDensityCS.hlsl">
      <Filter>Shaders\SPHFluid\SPH3DFluid</Filter>
    </FxCompile>
    <FxCompile Include="..\Resources\Shaders\SPH3DIterativeEOS1CS.hlsl">
      <Filter>Shaders\SPHFluid\SPH3DFluid</Filter>
    </FxCompile>
    <FxCompile Include="..\Resources\Shaders\SPH3DIterativeEOS2CS.hlsl">
      <Filter>Shaders\SPHFluid\SPH3DFluid</Filter>
    </FxCompile>
    <FxCompile Include="..\Resources\Shaders\SPH3DPredictCS.hlsl">
      <Filter>Shaders\SPHFluid\SPH3DFluid</Filter>
    </FxCompile>
    <FxCompile Include="..\Resources\Shaders\SPHDensityCS.hlsl">
      <Filter>Shaders\SPHFluid\SPH2DFluid</Filter>
    </FxCompile>
    <FxCompile Include="..\Resources\Shaders\SPHIterativeEOS1CS.hlsl">
      <Filter>Shaders\SPHFluid\SPH2DFluid</Filter>
    </FxCompile>
    <FxCompile Include="..\Resources\Shaders\SPHIterativeEOS2CS.hlsl">
      <Filter>Shaders\SPHFluid\SPH2DFluid</Filter>
    </FxCompile>
    <FxCompile Include="..\Resources\Shaders\SPHPredictCS.hlsl">
      <Filter>Shaders\SPHFluid\SPH2DFluid</Filter>
    </FxCompile>
    <FxCompile Include="..\Resources\Shaders\SPH3DIterativeEOS1CS2.hlsl">
      <Filter>Shaders\SPHFluid\SPH3DFluid</Filter>
    </FxCompile>
    <FxCompile Include="..\Resources\Shaders\SPHAnimation1CS.hlsl">
      <Filter>Shaders\SPHFluid</Filter>
    </FxCompile>
    <FxCompile Include="..\Resources\Shaders\SPHAnimation2CS.hlsl">
      <Filter>Shaders\SPHFluid</Filter>
    </FxCompile>
    <FxCompile Include="..\Resources\Shaders\SPHAnimation3CS.hlsl">
      <Filter>Shaders\SPHFluid</Filter>
    </FxCompile>
    <FxCompile Include="..\Resources\Shaders\SPHIterativeEOS3CS.hlsl">
      <Filter>Shaders\SPHFluid</Filter>
    </FxCompile>
  </ItemGroup>
</Project>